github.com/MatProGo-dev/MatProInterface.go v0.0.0-20230304044841-5f06b0586cfe h1:Yz14NtL2S51Vs10xQ5nBho/WwfU2dvFKchys4SvCt60=
github.com/MatProGo-dev/MatProInterface.go v0.0.0-20230304044841-5f06b0586cfe/go.mod h1:jS03bFkA4cwolpcg4PAolx+JZ/a1bqcTasUOwOa8rOo=
github.com/MatProGo-dev/MatProInterface.go v0.0.0-20230311020709-c18dd030e857 h1:1nt84C4J45GluekUl7mhvB+x6Ac+UIE+LrgyFdcUBmk=
github.com/MatProGo-dev/MatProInterface.go v0.0.0-20230311020709-c18dd030e857/go.mod h1:jS03bFkA4cwolpcg4PAolx+JZ/a1bqcTasUOwOa8rOo=
github.com/MatProGo-dev/MatProInterface.go v0.0.0-20230320020151-1d385dbbb394 h1:6hBRG6TdiMGv/xuMnbzZMnVMw7vBVd8+Ukkpqls8rWw=
github.com/MatProGo-dev/MatProInterface.go v0.0.0-20230320020151-1d385dbbb394/go.mod h1:jS03bFkA4cwolpcg4PAolx+JZ/a1bqcTasUOwOa8rOo=
github.com/davecgh/go-spew v1.1.0/go.mod h1:J7Y8YcW2NihsgmVo/mv3lAwl/skON4iLHjSsI+c5H38=
github.com/davecgh/go-spew v1.1.1/go.mod h1:J7Y8YcW2NihsgmVo/mv3lAwl/skON4iLHjSsI+c5H38=
github.com/pmezard/go-difflib v1.0.0/go.mod h1:iKH77koFhYxTK1pcRnkKkqfTogsbg7gZNVY4sRDYZ/4=
github.com/sirupsen/logrus v1.9.0 h1:trlNQbNUG3OdDrDil03MCb1H2o9nJ1x4/5LYw7byDE0=
github.com/sirupsen/logrus v1.9.0/go.mod h1:naHLuLoDiP4jHNo9R0sCBMtWGeIprob74mVsIT4qYEQ=
github.com/stretchr/objx v0.1.0/go.mod h1:HFkY916IF+rwdDfMAkV7OtwuqBVzrE8GR6GFx+wExME=
github.com/stretchr/testify v1.7.0/go.mod h1:6Fq8oRcR53rry900zMqJjRRixrwX3KX962/h/Wwjteg=
golang.org/x/sys v0.0.0-20220715151400-c0bba94af5f8/go.mod h1:oPkhp1MJrh7nUepCBck5+mAzfO9JrbApNNgaTdGDITg=
golang.org/x/sys v0.2.0 h1:ljd4t30dBnAvMZaQCevtY0xLLD0A+bRZXbgLMLU1F/A=
golang.org/x/sys v0.2.0/go.mod h1:oPkhp1MJrh7nUepCBck5+mAzfO9JrbApNNgaTdGDITg=
gonum.org/v1/gonum v0.12.0 h1:xKuo6hzt+gMav00meVPUlXwSdoEJP46BR+wdxQEFK2o=
gonum.org/v1/gonum v0.12.0/go.mod h1:73TDxJfAAHeA8Mk9mf8NlIppyhQNo5GLTcYeqgo2lvY=
gopkg.in/check.v1 v0.0.0-20161208181325-20d25e280405/go.mod h1:Co6ibVJAznAaIkqp8huTwlJQCZ016jof/cbN4VW5Yz0=
gopkg.in/yaml.v3 v3.0.0-20200313102051-9f266ea9e77c/go.mod h1:K4uyk7z7BCEPqu6E+C64Yfv1cQ7kz7rIZviUmN+EgEM=
