github.com/MatProGo-dev/MatProInterface.go v0.0.0-20230304044841-5f06b0586cfe h1:Yz14NtL2S51Vs10xQ5nBho/WwfU2dvFKchys4SvCt60=
github.com/MatProGo-dev/MatProInterface.go v0.0.0-20230304044841-5f06b0586cfe/go.mod h1:jS03bFkA4cwolpcg4PAolx+JZ/a1bqcTasUOwOa8rOo=
github.com/MatProGo-dev/MatProInterface.go v0.0.0-20230311020709-c18dd030e857 h1:1nt84C4J45GluekUl7mhvB+x6Ac+UIE+LrgyFdcUBmk=
github.com/MatProGo-dev/MatProInterface.go v0.0.0-20230311020709-c18dd030e857/go.mod h1:jS03bFkA4cwolpcg4PAolx+JZ/a1bqcTasUOwOa8rOo=
